dependencies:
- name: loki-stack
  repository: https://grafana.github.io/helm-charts
  version: 2.6.1
- name: emojivoto
  repository: file://../emojivoto
  version: 0.1.0
- name: linkerd2
  repository: https://helm.linkerd.io/stable
  version: 2.11.1
- name: linkerd-viz
  repository: https://helm.linkerd.io/stable
  version: 2.11.1
digest: sha256:e576c18652c53bef86f32ed13d289e49059af05ec90c5bf1002ff64fd446878a
generated: "2022-03-28T12:00:55.105600191+02:00"
